// !$*UTF8*$!
{
	archiveVersion = 1;
	classes = {
	};
	objectVersion = 46;
	objects = {

/* Begin PBXBuildFile section */
		411162573F5EC7F29C7B6C94 /* Pods.framework in Frameworks */ = {isa = PBXBuildFile; fileRef = 027716590064861A145B4E05 /* Pods.framework */; settings = {ATTRIBUTES = (Weak, ); }; };
		A11676721B4DC0B2009DA904 /* SportHeaderCell.swift in Sources */ = {isa = PBXBuildFile; fileRef = A11676711B4DC0B2009DA904 /* SportHeaderCell.swift */; };
		A11676761B4DC1E8009DA904 /* GlobalStorage.swift in Sources */ = {isa = PBXBuildFile; fileRef = A11676751B4DC1E8009DA904 /* GlobalStorage.swift */; };
		A11676781B4DCBD5009DA904 /* SportsTableViewController.swift in Sources */ = {isa = PBXBuildFile; fileRef = A11676771B4DCBD5009DA904 /* SportsTableViewController.swift */; };
		A116767A1B4DD4DF009DA904 /* CityHeaderCell.swift in Sources */ = {isa = PBXBuildFile; fileRef = A11676791B4DD4DF009DA904 /* CityHeaderCell.swift */; };
		A116767C1B4EEECE009DA904 /* GameCell.swift in Sources */ = {isa = PBXBuildFile; fileRef = A116767B1B4EEECE009DA904 /* GameCell.swift */; };
		A116767E1B4EF5B9009DA904 /* Game.swift in Sources */ = {isa = PBXBuildFile; fileRef = A116767D1B4EF5B9009DA904 /* Game.swift */; };
		A11676821B4EFA7B009DA904 /* GameView.swift in Sources */ = {isa = PBXBuildFile; fileRef = A11676811B4EFA7B009DA904 /* GameView.swift */; };
		A11676841B4F1667009DA904 /* Sport.swift in Sources */ = {isa = PBXBuildFile; fileRef = A11676831B4F1667009DA904 /* Sport.swift */; };
		A11676881B4F2E94009DA904 /* GameVC.swift in Sources */ = {isa = PBXBuildFile; fileRef = A11676871B4F2E94009DA904 /* GameVC.swift */; };
		A116768A1B504777009DA904 /* Comment.swift in Sources */ = {isa = PBXBuildFile; fileRef = A11676891B504777009DA904 /* Comment.swift */; };
		A116768C1B5047E6009DA904 /* Person.swift in Sources */ = {isa = PBXBuildFile; fileRef = A116768B1B5047E6009DA904 /* Person.swift */; };
		A11676901B507C4E009DA904 /* CommentCell.swift in Sources */ = {isa = PBXBuildFile; fileRef = A116768F1B507C4E009DA904 /* CommentCell.swift */; };
		A11676921B507E36009DA904 /* PlayerCell.swift in Sources */ = {isa = PBXBuildFile; fileRef = A11676911B507E36009DA904 /* PlayerCell.swift */; };
		A11676941B5C602C009DA904 /* LoginVC.swift in Sources */ = {isa = PBXBuildFile; fileRef = A11676931B5C602C009DA904 /* LoginVC.swift */; };
		A1409DDB1B4B2B98008F6DB8 /* AppDelegate.swift in Sources */ = {isa = PBXBuildFile; fileRef = A1409DDA1B4B2B98008F6DB8 /* AppDelegate.swift */; };
		A1409DDD1B4B2B98008F6DB8 /* FirstViewController.swift in Sources */ = {isa = PBXBuildFile; fileRef = A1409DDC1B4B2B98008F6DB8 /* FirstViewController.swift */; };
		A1409DDF1B4B2B98008F6DB8 /* SecondViewController.swift in Sources */ = {isa = PBXBuildFile; fileRef = A1409DDE1B4B2B98008F6DB8 /* SecondViewController.swift */; };
		A1409DE21B4B2B98008F6DB8 /* Main.storyboard in Resources */ = {isa = PBXBuildFile; fileRef = A1409DE01B4B2B98008F6DB8 /* Main.storyboard */; };
		A1409DE41B4B2B98008F6DB8 /* Images.xcassets in Resources */ = {isa = PBXBuildFile; fileRef = A1409DE31B4B2B98008F6DB8 /* Images.xcassets */; };
		A1409DE71B4B2B98008F6DB8 /* LaunchScreen.xib in Resources */ = {isa = PBXBuildFile; fileRef = A1409DE51B4B2B98008F6DB8 /* LaunchScreen.xib */; };
		A1409DF31B4B2B98008F6DB8 /* PickUpSportsTests.swift in Sources */ = {isa = PBXBuildFile; fileRef = A1409DF21B4B2B98008F6DB8 /* PickUpSportsTests.swift */; };
		A18FAEE11B62D917003FAC84 /* CreateGameVC.swift in Sources */ = {isa = PBXBuildFile; fileRef = A18FAEE01B62D917003FAC84 /* CreateGameVC.swift */; };
		A18FAEE31B62D9B7003FAC84 /* CreateGameLabelView.swift in Sources */ = {isa = PBXBuildFile; fileRef = A18FAEE21B62D9B7003FAC84 /* CreateGameLabelView.swift */; };
		A18FAEEC1B65269D003FAC84 /* InitializeVC.swift in Sources */ = {isa = PBXBuildFile; fileRef = A18FAEEB1B65269D003FAC84 /* InitializeVC.swift */; };
		A18FAEEE1B6526AE003FAC84 /* CreateAccountVC.swift in Sources */ = {isa = PBXBuildFile; fileRef = A18FAEED1B6526AE003FAC84 /* CreateAccountVC.swift */; };
		A18FAEF01B6550DD003FAC84 /* Device.swift in Sources */ = {isa = PBXBuildFile; fileRef = A18FAEEF1B6550DD003FAC84 /* Device.swift */; };
		A18FE4F51B4B859900F64169 /* CardView.swift in Sources */ = {isa = PBXBuildFile; fileRef = A18FE4F41B4B859900F64169 /* CardView.swift */; };
		A18FE4F71B4C1CFF00F64169 /* Podfile in Resources */ = {isa = PBXBuildFile; fileRef = A18FE4F61B4C1CFF00F64169 /* Podfile */; };
		A18FE4FF1B4C3F3400F64169 /* SportTableCell.swift in Sources */ = {isa = PBXBuildFile; fileRef = A18FE4FE1B4C3F3400F64169 /* SportTableCell.swift */; };
		A18FE5061B4C70CF00F64169 /* Button.swift in Sources */ = {isa = PBXBuildFile; fileRef = A18FE5021B4C70CF00F64169 /* Button.swift */; };
		A18FE5071B4C70CF00F64169 /* InputText.swift in Sources */ = {isa = PBXBuildFile; fileRef = A18FE5031B4C70CF00F64169 /* InputText.swift */; };
		A18FE5081B4C70CF00F64169 /* Modal.swift in Sources */ = {isa = PBXBuildFile; fileRef = A18FE5041B4C70CF00F64169 /* Modal.swift */; };
		A18FE5091B4C70CF00F64169 /* UIColor.swift in Sources */ = {isa = PBXBuildFile; fileRef = A18FE5051B4C70CF00F64169 /* UIColor.swift */; };
		A18FE50F1B4CC21300F64169 /* City.swift in Sources */ = {isa = PBXBuildFile; fileRef = A18FE50E1B4CC21300F64169 /* City.swift */; };
		A18FE5131B4CC51A00F64169 /* CityVC.swift in Sources */ = {isa = PBXBuildFile; fileRef = A18FE5121B4CC51A00F64169 /* CityVC.swift */; };
		A18FE5151B4CE2E800F64169 /* Util.swift in Sources */ = {isa = PBXBuildFile; fileRef = A18FE5141B4CE2E800F64169 /* Util.swift */; };
		A1DF600C1B600B6700E9073E /* ResponsiveTextFieldViewController.swift in Sources */ = {isa = PBXBuildFile; fileRef = A1DF600B1B600B6700E9073E /* ResponsiveTextFieldViewController.swift */; };
/* End PBXBuildFile section */

/* Begin PBXContainerItemProxy section */
		A1409DED1B4B2B98008F6DB8 /* PBXContainerItemProxy */ = {
			isa = PBXContainerItemProxy;
			containerPortal = A1409DCD1B4B2B98008F6DB8 /* Project object */;
			proxyType = 1;
			remoteGlobalIDString = A1409DD41B4B2B98008F6DB8;
			remoteInfo = PickUpSports;
		};
/* End PBXContainerItemProxy section */

/* Begin PBXFileReference section */
		027716590064861A145B4E05 /* Pods.framework */ = {isa = PBXFileReference; explicitFileType = wrapper.framework; includeInIndex = 0; path = Pods.framework; sourceTree = BUILT_PRODUCTS_DIR; };
		A11676711B4DC0B2009DA904 /* SportHeaderCell.swift */ = {isa = PBXFileReference; fileEncoding = 4; lastKnownFileType = sourcecode.swift; path = SportHeaderCell.swift; sourceTree = "<group>"; };
		A11676751B4DC1E8009DA904 /* GlobalStorage.swift */ = {isa = PBXFileReference; fileEncoding = 4; lastKnownFileType = sourcecode.swift; path = GlobalStorage.swift; sourceTree = "<group>"; };
		A11676771B4DCBD5009DA904 /* SportsTableViewController.swift */ = {isa = PBXFileReference; fileEncoding = 4; lastKnownFileType = sourcecode.swift; path = SportsTableViewController.swift; sourceTree = "<group>"; };
		A11676791B4DD4DF009DA904 /* CityHeaderCell.swift */ = {isa = PBXFileReference; fileEncoding = 4; lastKnownFileType = sourcecode.swift; path = CityHeaderCell.swift; sourceTree = "<group>"; };
		A116767B1B4EEECE009DA904 /* GameCell.swift */ = {isa = PBXFileReference; fileEncoding = 4; lastKnownFileType = sourcecode.swift; path = GameCell.swift; sourceTree = "<group>"; };
		A116767D1B4EF5B9009DA904 /* Game.swift */ = {isa = PBXFileReference; fileEncoding = 4; lastKnownFileType = sourcecode.swift; path = Game.swift; sourceTree = "<group>"; };
		A11676811B4EFA7B009DA904 /* GameView.swift */ = {isa = PBXFileReference; fileEncoding = 4; lastKnownFileType = sourcecode.swift; path = GameView.swift; sourceTree = "<group>"; };
		A11676831B4F1667009DA904 /* Sport.swift */ = {isa = PBXFileReference; fileEncoding = 4; lastKnownFileType = sourcecode.swift; path = Sport.swift; sourceTree = "<group>"; };
		A11676871B4F2E94009DA904 /* GameVC.swift */ = {isa = PBXFileReference; fileEncoding = 4; lastKnownFileType = sourcecode.swift; path = GameVC.swift; sourceTree = "<group>"; };
		A11676891B504777009DA904 /* Comment.swift */ = {isa = PBXFileReference; fileEncoding = 4; lastKnownFileType = sourcecode.swift; path = Comment.swift; sourceTree = "<group>"; };
		A116768B1B5047E6009DA904 /* Person.swift */ = {isa = PBXFileReference; fileEncoding = 4; lastKnownFileType = sourcecode.swift; path = Person.swift; sourceTree = "<group>"; };
		A116768F1B507C4E009DA904 /* CommentCell.swift */ = {isa = PBXFileReference; fileEncoding = 4; lastKnownFileType = sourcecode.swift; path = CommentCell.swift; sourceTree = "<group>"; };
		A11676911B507E36009DA904 /* PlayerCell.swift */ = {isa = PBXFileReference; fileEncoding = 4; lastKnownFileType = sourcecode.swift; path = PlayerCell.swift; sourceTree = "<group>"; };
		A11676931B5C602C009DA904 /* LoginVC.swift */ = {isa = PBXFileReference; fileEncoding = 4; lastKnownFileType = sourcecode.swift; path = LoginVC.swift; sourceTree = "<group>"; };
		A1409DD51B4B2B98008F6DB8 /* PickUpSports.app */ = {isa = PBXFileReference; explicitFileType = wrapper.application; includeInIndex = 0; path = PickUpSports.app; sourceTree = BUILT_PRODUCTS_DIR; };
		A1409DD91B4B2B98008F6DB8 /* Info.plist */ = {isa = PBXFileReference; lastKnownFileType = text.plist.xml; path = Info.plist; sourceTree = "<group>"; };
		A1409DDA1B4B2B98008F6DB8 /* AppDelegate.swift */ = {isa = PBXFileReference; lastKnownFileType = sourcecode.swift; path = AppDelegate.swift; sourceTree = "<group>"; };
		A1409DDC1B4B2B98008F6DB8 /* FirstViewController.swift */ = {isa = PBXFileReference; lastKnownFileType = sourcecode.swift; path = FirstViewController.swift; sourceTree = "<group>"; };
		A1409DDE1B4B2B98008F6DB8 /* SecondViewController.swift */ = {isa = PBXFileReference; lastKnownFileType = sourcecode.swift; path = SecondViewController.swift; sourceTree = "<group>"; };
		A1409DE11B4B2B98008F6DB8 /* Base */ = {isa = PBXFileReference; lastKnownFileType = file.storyboard; name = Base; path = Base.lproj/Main.storyboard; sourceTree = "<group>"; };
		A1409DE31B4B2B98008F6DB8 /* Images.xcassets */ = {isa = PBXFileReference; lastKnownFileType = folder.assetcatalog; path = Images.xcassets; sourceTree = "<group>"; };
		A1409DE61B4B2B98008F6DB8 /* Base */ = {isa = PBXFileReference; lastKnownFileType = file.xib; name = Base; path = Base.lproj/LaunchScreen.xib; sourceTree = "<group>"; };
		A1409DEC1B4B2B98008F6DB8 /* PickUpSportsTests.xctest */ = {isa = PBXFileReference; explicitFileType = wrapper.cfbundle; includeInIndex = 0; path = PickUpSportsTests.xctest; sourceTree = BUILT_PRODUCTS_DIR; };
		A1409DF11B4B2B98008F6DB8 /* Info.plist */ = {isa = PBXFileReference; lastKnownFileType = text.plist.xml; path = Info.plist; sourceTree = "<group>"; };
		A1409DF21B4B2B98008F6DB8 /* PickUpSportsTests.swift */ = {isa = PBXFileReference; lastKnownFileType = sourcecode.swift; path = PickUpSportsTests.swift; sourceTree = "<group>"; };
		A18FAEE01B62D917003FAC84 /* CreateGameVC.swift */ = {isa = PBXFileReference; fileEncoding = 4; lastKnownFileType = sourcecode.swift; path = CreateGameVC.swift; sourceTree = "<group>"; };
		A18FAEE21B62D9B7003FAC84 /* CreateGameLabelView.swift */ = {isa = PBXFileReference; fileEncoding = 4; lastKnownFileType = sourcecode.swift; path = CreateGameLabelView.swift; sourceTree = "<group>"; };
		A18FAEEB1B65269D003FAC84 /* InitializeVC.swift */ = {isa = PBXFileReference; fileEncoding = 4; lastKnownFileType = sourcecode.swift; path = InitializeVC.swift; sourceTree = "<group>"; };
		A18FAEED1B6526AE003FAC84 /* CreateAccountVC.swift */ = {isa = PBXFileReference; fileEncoding = 4; lastKnownFileType = sourcecode.swift; path = CreateAccountVC.swift; sourceTree = "<group>"; };
		A18FAEEF1B6550DD003FAC84 /* Device.swift */ = {isa = PBXFileReference; fileEncoding = 4; lastKnownFileType = sourcecode.swift; path = Device.swift; sourceTree = "<group>"; };
		A18FE4F41B4B859900F64169 /* CardView.swift */ = {isa = PBXFileReference; fileEncoding = 4; lastKnownFileType = sourcecode.swift; path = CardView.swift; sourceTree = "<group>"; };
		A18FE4F61B4C1CFF00F64169 /* Podfile */ = {isa = PBXFileReference; fileEncoding = 4; lastKnownFileType = text; path = Podfile; sourceTree = "<group>"; };
		A18FE4FE1B4C3F3400F64169 /* SportTableCell.swift */ = {isa = PBXFileReference; fileEncoding = 4; lastKnownFileType = sourcecode.swift; path = SportTableCell.swift; sourceTree = "<group>"; };
		A18FE5021B4C70CF00F64169 /* Button.swift */ = {isa = PBXFileReference; fileEncoding = 4; lastKnownFileType = sourcecode.swift; path = Button.swift; sourceTree = "<group>"; };
		A18FE5031B4C70CF00F64169 /* InputText.swift */ = {isa = PBXFileReference; fileEncoding = 4; lastKnownFileType = sourcecode.swift; path = InputText.swift; sourceTree = "<group>"; };
		A18FE5041B4C70CF00F64169 /* Modal.swift */ = {isa = PBXFileReference; fileEncoding = 4; lastKnownFileType = sourcecode.swift; path = Modal.swift; sourceTree = "<group>"; };
		A18FE5051B4C70CF00F64169 /* UIColor.swift */ = {isa = PBXFileReference; fileEncoding = 4; lastKnownFileType = sourcecode.swift; path = UIColor.swift; sourceTree = "<group>"; };
		A18FE50E1B4CC21300F64169 /* City.swift */ = {isa = PBXFileReference; fileEncoding = 4; lastKnownFileType = sourcecode.swift; path = City.swift; sourceTree = "<group>"; };
		A18FE5121B4CC51A00F64169 /* CityVC.swift */ = {isa = PBXFileReference; fileEncoding = 4; lastKnownFileType = sourcecode.swift; path = CityVC.swift; sourceTree = "<group>"; };
		A18FE5141B4CE2E800F64169 /* Util.swift */ = {isa = PBXFileReference; fileEncoding = 4; lastKnownFileType = sourcecode.swift; path = Util.swift; sourceTree = "<group>"; };
		A1DF600B1B600B6700E9073E /* ResponsiveTextFieldViewController.swift */ = {isa = PBXFileReference; fileEncoding = 4; lastKnownFileType = sourcecode.swift; path = ResponsiveTextFieldViewController.swift; sourceTree = "<group>"; };
		CF5871BC5489C0E1F1195D0B /* Pods.release.xcconfig */ = {isa = PBXFileReference; includeInIndex = 1; lastKnownFileType = text.xcconfig; name = Pods.release.xcconfig; path = "Pods/Target Support Files/Pods/Pods.release.xcconfig"; sourceTree = "<group>"; };
		E07AA5FC27267C5AAA2DB2D8 /* Pods.debug.xcconfig */ = {isa = PBXFileReference; includeInIndex = 1; lastKnownFileType = text.xcconfig; name = Pods.debug.xcconfig; path = "Pods/Target Support Files/Pods/Pods.debug.xcconfig"; sourceTree = "<group>"; };
/* End PBXFileReference section */

/* Begin PBXFrameworksBuildPhase section */
		A1409DD21B4B2B98008F6DB8 /* Frameworks */ = {
			isa = PBXFrameworksBuildPhase;
			buildActionMask = 2147483647;
			files = (
				411162573F5EC7F29C7B6C94 /* Pods.framework in Frameworks */,
			);
			runOnlyForDeploymentPostprocessing = 0;
		};
		A1409DE91B4B2B98008F6DB8 /* Frameworks */ = {
			isa = PBXFrameworksBuildPhase;
			buildActionMask = 2147483647;
			files = (
			);
			runOnlyForDeploymentPostprocessing = 0;
		};
/* End PBXFrameworksBuildPhase section */

/* Begin PBXGroup section */
		3466D0643D4D4B4BCF169BC5 /* Pods */ = {
			isa = PBXGroup;
			children = (
				E07AA5FC27267C5AAA2DB2D8 /* Pods.debug.xcconfig */,
				CF5871BC5489C0E1F1195D0B /* Pods.release.xcconfig */,
			);
			name = Pods;
			sourceTree = "<group>";
		};
		9F64B78CA18E52662D7E1ED3 /* Frameworks */ = {
			isa = PBXGroup;
			children = (
				027716590064861A145B4E05 /* Pods.framework */,
			);
			name = Frameworks;
			sourceTree = "<group>";
		};
		A11676731B4DC0BF009DA904 /* Sports */ = {
			isa = PBXGroup;
			children = (
				A18FE4FE1B4C3F3400F64169 /* SportTableCell.swift */,
				A11676711B4DC0B2009DA904 /* SportHeaderCell.swift */,
				A11676771B4DCBD5009DA904 /* SportsTableViewController.swift */,
				A11676831B4F1667009DA904 /* Sport.swift */,
			);
			name = Sports;
			sourceTree = "<group>";
		};
		A11676741B4DC0CE009DA904 /* Cities */ = {
			isa = PBXGroup;
			children = (
				A18FE50E1B4CC21300F64169 /* City.swift */,
				A18FE5121B4CC51A00F64169 /* CityVC.swift */,
				A11676791B4DD4DF009DA904 /* CityHeaderCell.swift */,
				A18FE4F41B4B859900F64169 /* CardView.swift */,
			);
			name = Cities;
			sourceTree = "<group>";
		};
		A11676801B4EFA60009DA904 /* Games */ = {
			isa = PBXGroup;
			children = (
				A116767D1B4EF5B9009DA904 /* Game.swift */,
				A1409DDC1B4B2B98008F6DB8 /* FirstViewController.swift */,
				A116767B1B4EEECE009DA904 /* GameCell.swift */,
				A11676871B4F2E94009DA904 /* GameVC.swift */,
				A11676891B504777009DA904 /* Comment.swift */,
				A116768B1B5047E6009DA904 /* Person.swift */,
				A116768F1B507C4E009DA904 /* CommentCell.swift */,
				A11676911B507E36009DA904 /* PlayerCell.swift */,
			);
			name = Games;
			sourceTree = "<group>";
		};
		A1409DCC1B4B2B98008F6DB8 = {
			isa = PBXGroup;
			children = (
				A18FE4F61B4C1CFF00F64169 /* Podfile */,
				A1409DD71B4B2B98008F6DB8 /* PickUpSports */,
				A1409DEF1B4B2B98008F6DB8 /* PickUpSportsTests */,
				A1409DD61B4B2B98008F6DB8 /* Products */,
				3466D0643D4D4B4BCF169BC5 /* Pods */,
				9F64B78CA18E52662D7E1ED3 /* Frameworks */,
			);
			sourceTree = "<group>";
		};
		A1409DD61B4B2B98008F6DB8 /* Products */ = {
			isa = PBXGroup;
			children = (
				A1409DD51B4B2B98008F6DB8 /* PickUpSports.app */,
				A1409DEC1B4B2B98008F6DB8 /* PickUpSportsTests.xctest */,
			);
			name = Products;
			sourceTree = "<group>";
		};
		A1409DD71B4B2B98008F6DB8 /* PickUpSports */ = {
			isa = PBXGroup;
			children = (
				A18FE50B1B4CC0E200F64169 /* Libraries */,
				A18FE50A1B4CC0B500F64169 /* CocoaClasses */,
				A1409DDA1B4B2B98008F6DB8 /* AppDelegate.swift */,
				A1409DDE1B4B2B98008F6DB8 /* SecondViewController.swift */,
				A1409DE01B4B2B98008F6DB8 /* Main.storyboard */,
				A1409DE31B4B2B98008F6DB8 /* Images.xcassets */,
				A1409DE51B4B2B98008F6DB8 /* LaunchScreen.xib */,
				A1409DD81B4B2B98008F6DB8 /* Supporting Files */,
				A11676751B4DC1E8009DA904 /* GlobalStorage.swift */,
				A18FE5141B4CE2E800F64169 /* Util.swift */,
			);
			path = PickUpSports;
			sourceTree = "<group>";
		};
		A1409DD81B4B2B98008F6DB8 /* Supporting Files */ = {
			isa = PBXGroup;
			children = (
				A1409DD91B4B2B98008F6DB8 /* Info.plist */,
			);
			name = "Supporting Files";
			sourceTree = "<group>";
		};
		A1409DEF1B4B2B98008F6DB8 /* PickUpSportsTests */ = {
			isa = PBXGroup;
			children = (
				A1409DF21B4B2B98008F6DB8 /* PickUpSportsTests.swift */,
				A1409DF01B4B2B98008F6DB8 /* Supporting Files */,
			);
			path = PickUpSportsTests;
			sourceTree = "<group>";
		};
		A1409DF01B4B2B98008F6DB8 /* Supporting Files */ = {
			isa = PBXGroup;
			children = (
				A1409DF11B4B2B98008F6DB8 /* Info.plist */,
			);
			name = "Supporting Files";
			sourceTree = "<group>";
		};
		A18FAEDF1B62D8F9003FAC84 /* CreateGame */ = {
			isa = PBXGroup;
			children = (
				A18FAEE01B62D917003FAC84 /* CreateGameVC.swift */,
				A18FAEE21B62D9B7003FAC84 /* CreateGameLabelView.swift */,
			);
			name = CreateGame;
			sourceTree = "<group>";
		};
		A18FAEEA1B6525FA003FAC84 /* LoginStuff */ = {
			isa = PBXGroup;
			children = (
				A11676931B5C602C009DA904 /* LoginVC.swift */,
				A18FAEEB1B65269D003FAC84 /* InitializeVC.swift */,
				A18FAEED1B6526AE003FAC84 /* CreateAccountVC.swift */,
			);
			name = LoginStuff;
			sourceTree = "<group>";
		};
		A18FE50A1B4CC0B500F64169 /* CocoaClasses */ = {
			isa = PBXGroup;
			children = (
				A18FAEEA1B6525FA003FAC84 /* LoginStuff */,
				A18FAEDF1B62D8F9003FAC84 /* CreateGame */,
				A11676801B4EFA60009DA904 /* Games */,
				A11676741B4DC0CE009DA904 /* Cities */,
				A11676731B4DC0BF009DA904 /* Sports */,
				A11676811B4EFA7B009DA904 /* GameView.swift */,
			);
			name = CocoaClasses;
			sourceTree = "<group>";
		};
		A18FE50B1B4CC0E200F64169 /* Libraries */ = {
			isa = PBXGroup;
			children = (
				A1DF600B1B600B6700E9073E /* ResponsiveTextFieldViewController.swift */,
				A18FE5021B4C70CF00F64169 /* Button.swift */,
				A18FE5031B4C70CF00F64169 /* InputText.swift */,
				A18FE5041B4C70CF00F64169 /* Modal.swift */,
				A18FE5051B4C70CF00F64169 /* UIColor.swift */,
				A18FAEEF1B6550DD003FAC84 /* Device.swift */,
			);
			name = Libraries;
			sourceTree = "<group>";
		};
/* End PBXGroup section */

/* Begin PBXNativeTarget section */
		A1409DD41B4B2B98008F6DB8 /* PickUpSports */ = {
			isa = PBXNativeTarget;
			buildConfigurationList = A1409DF61B4B2B98008F6DB8 /* Build configuration list for PBXNativeTarget "PickUpSports" */;
			buildPhases = (
				3D6D3742AC9C7294E31F09D6 /* Check Pods Manifest.lock */,
				A1409DD11B4B2B98008F6DB8 /* Sources */,
				A1409DD21B4B2B98008F6DB8 /* Frameworks */,
				A1409DD31B4B2B98008F6DB8 /* Resources */,
				990634C8F312EA5E13E3F957 /* Embed Pods Frameworks */,
				B1D650B4E652361177A4D56F /* Copy Pods Resources */,
			);
			buildRules = (
			);
			dependencies = (
			);
			name = PickUpSports;
			productName = PickUpSports;
			productReference = A1409DD51B4B2B98008F6DB8 /* PickUpSports.app */;
			productType = "com.apple.product-type.application";
		};
		A1409DEB1B4B2B98008F6DB8 /* PickUpSportsTests */ = {
			isa = PBXNativeTarget;
			buildConfigurationList = A1409DF91B4B2B98008F6DB8 /* Build configuration list for PBXNativeTarget "PickUpSportsTests" */;
			buildPhases = (
				A1409DE81B4B2B98008F6DB8 /* Sources */,
				A1409DE91B4B2B98008F6DB8 /* Frameworks */,
				A1409DEA1B4B2B98008F6DB8 /* Resources */,
			);
			buildRules = (
			);
			dependencies = (
				A1409DEE1B4B2B98008F6DB8 /* PBXTargetDependency */,
			);
			name = PickUpSportsTests;
			productName = PickUpSportsTests;
			productReference = A1409DEC1B4B2B98008F6DB8 /* PickUpSportsTests.xctest */;
			productType = "com.apple.product-type.bundle.unit-test";
		};
/* End PBXNativeTarget section */

/* Begin PBXProject section */
		A1409DCD1B4B2B98008F6DB8 /* Project object */ = {
			isa = PBXProject;
			attributes = {
				LastUpgradeCheck = 0630;
				ORGANIZATIONNAME = "Taylor Boren";
				TargetAttributes = {
					A1409DD41B4B2B98008F6DB8 = {
						CreatedOnToolsVersion = 6.3.2;
					};
					A1409DEB1B4B2B98008F6DB8 = {
						CreatedOnToolsVersion = 6.3.2;
						TestTargetID = A1409DD41B4B2B98008F6DB8;
					};
				};
			};
			buildConfigurationList = A1409DD01B4B2B98008F6DB8 /* Build configuration list for PBXProject "PickUpSports" */;
			compatibilityVersion = "Xcode 3.2";
			developmentRegion = English;
			hasScannedForEncodings = 0;
			knownRegions = (
				en,
				Base,
			);
			mainGroup = A1409DCC1B4B2B98008F6DB8;
			productRefGroup = A1409DD61B4B2B98008F6DB8 /* Products */;
			projectDirPath = "";
			projectRoot = "";
			targets = (
				A1409DD41B4B2B98008F6DB8 /* PickUpSports */,
				A1409DEB1B4B2B98008F6DB8 /* PickUpSportsTests */,
			);
		};
/* End PBXProject section */

/* Begin PBXResourcesBuildPhase section */
		A1409DD31B4B2B98008F6DB8 /* Resources */ = {
			isa = PBXResourcesBuildPhase;
			buildActionMask = 2147483647;
			files = (
				A1409DE21B4B2B98008F6DB8 /* Main.storyboard in Resources */,
				A1409DE71B4B2B98008F6DB8 /* LaunchScreen.xib in Resources */,
				A18FE4F71B4C1CFF00F64169 /* Podfile in Resources */,
				A1409DE41B4B2B98008F6DB8 /* Images.xcassets in Resources */,
			);
			runOnlyForDeploymentPostprocessing = 0;
		};
		A1409DEA1B4B2B98008F6DB8 /* Resources */ = {
			isa = PBXResourcesBuildPhase;
			buildActionMask = 2147483647;
			files = (
			);
			runOnlyForDeploymentPostprocessing = 0;
		};
/* End PBXResourcesBuildPhase section */

/* Begin PBXShellScriptBuildPhase section */
		3D6D3742AC9C7294E31F09D6 /* Check Pods Manifest.lock */ = {
			isa = PBXShellScriptBuildPhase;
			buildActionMask = 2147483647;
			files = (
			);
			inputPaths = (
			);
			name = "Check Pods Manifest.lock";
			outputPaths = (
			);
			runOnlyForDeploymentPostprocessing = 0;
			shellPath = /bin/sh;
			shellScript = "diff \"${PODS_ROOT}/../Podfile.lock\" \"${PODS_ROOT}/Manifest.lock\" > /dev/null\nif [[ $? != 0 ]] ; then\n    cat << EOM\nerror: The sandbox is not in sync with the Podfile.lock. Run 'pod install' or update your CocoaPods installation.\nEOM\n    exit 1\nfi\n";
			showEnvVarsInLog = 0;
		};
		990634C8F312EA5E13E3F957 /* Embed Pods Frameworks */ = {
			isa = PBXShellScriptBuildPhase;
			buildActionMask = 2147483647;
			files = (
			);
			inputPaths = (
			);
			name = "Embed Pods Frameworks";
			outputPaths = (
			);
			runOnlyForDeploymentPostprocessing = 0;
			shellPath = /bin/sh;
			shellScript = "\"${SRCROOT}/Pods/Target Support Files/Pods/Pods-frameworks.sh\"\n";
			showEnvVarsInLog = 0;
		};
		B1D650B4E652361177A4D56F /* Copy Pods Resources */ = {
			isa = PBXShellScriptBuildPhase;
			buildActionMask = 2147483647;
			files = (
			);
			inputPaths = (
			);
			name = "Copy Pods Resources";
			outputPaths = (
			);
			runOnlyForDeploymentPostprocessing = 0;
			shellPath = /bin/sh;
			shellScript = "\"${SRCROOT}/Pods/Target Support Files/Pods/Pods-resources.sh\"\n";
			showEnvVarsInLog = 0;
		};
/* End PBXShellScriptBuildPhase section */

/* Begin PBXSourcesBuildPhase section */
		A1409DD11B4B2B98008F6DB8 /* Sources */ = {
			isa = PBXSourcesBuildPhase;
			buildActionMask = 2147483647;
			files = (
				A1DF600C1B600B6700E9073E /* ResponsiveTextFieldViewController.swift in Sources */,
				A11676761B4DC1E8009DA904 /* GlobalStorage.swift in Sources */,
				A18FAEEC1B65269D003FAC84 /* InitializeVC.swift in Sources */,
				A116767E1B4EF5B9009DA904 /* Game.swift in Sources */,
				A116767A1B4DD4DF009DA904 /* CityHeaderCell.swift in Sources */,
				A18FAEE11B62D917003FAC84 /* CreateGameVC.swift in Sources */,
				A18FE5061B4C70CF00F64169 /* Button.swift in Sources */,
				A11676921B507E36009DA904 /* PlayerCell.swift in Sources */,
				A11676881B4F2E94009DA904 /* GameVC.swift in Sources */,
				A1409DDF1B4B2B98008F6DB8 /* SecondViewController.swift in Sources */,
				A18FE50F1B4CC21300F64169 /* City.swift in Sources */,
				A11676781B4DCBD5009DA904 /* SportsTableViewController.swift in Sources */,
				A18FAEE31B62D9B7003FAC84 /* CreateGameLabelView.swift in Sources */,
				A1409DDB1B4B2B98008F6DB8 /* AppDelegate.swift in Sources */,
				A116768C1B5047E6009DA904 /* Person.swift in Sources */,
				A116768A1B504777009DA904 /* Comment.swift in Sources */,
				A18FE4F51B4B859900F64169 /* CardView.swift in Sources */,
				A11676721B4DC0B2009DA904 /* SportHeaderCell.swift in Sources */,
				A11676841B4F1667009DA904 /* Sport.swift in Sources */,
				A18FE4FF1B4C3F3400F64169 /* SportTableCell.swift in Sources */,
				A1409DDD1B4B2B98008F6DB8 /* FirstViewController.swift in Sources */,
				A18FE5081B4C70CF00F64169 /* Modal.swift in Sources */,
				A11676821B4EFA7B009DA904 /* GameView.swift in Sources */,
				A18FAEF01B6550DD003FAC84 /* Device.swift in Sources */,
				A18FE5131B4CC51A00F64169 /* CityVC.swift in Sources */,
				A116767C1B4EEECE009DA904 /* GameCell.swift in Sources */,
				A18FE5151B4CE2E800F64169 /* Util.swift in Sources */,
				A11676941B5C602C009DA904 /* LoginVC.swift in Sources */,
				A18FE5071B4C70CF00F64169 /* InputText.swift in Sources */,
				A18FE5091B4C70CF00F64169 /* UIColor.swift in Sources */,
				A11676901B507C4E009DA904 /* CommentCell.swift in Sources */,
				A18FAEEE1B6526AE003FAC84 /* CreateAccountVC.swift in Sources */,
			);
			runOnlyForDeploymentPostprocessing = 0;
		};
		A1409DE81B4B2B98008F6DB8 /* Sources */ = {
			isa = PBXSourcesBuildPhase;
			buildActionMask = 2147483647;
			files = (
				A1409DF31B4B2B98008F6DB8 /* PickUpSportsTests.swift in Sources */,
			);
			runOnlyForDeploymentPostprocessing = 0;
		};
/* End PBXSourcesBuildPhase section */

/* Begin PBXTargetDependency section */
		A1409DEE1B4B2B98008F6DB8 /* PBXTargetDependency */ = {
			isa = PBXTargetDependency;
			target = A1409DD41B4B2B98008F6DB8 /* PickUpSports */;
			targetProxy = A1409DED1B4B2B98008F6DB8 /* PBXContainerItemProxy */;
		};
/* End PBXTargetDependency section */

/* Begin PBXVariantGroup section */
		A1409DE01B4B2B98008F6DB8 /* Main.storyboard */ = {
			isa = PBXVariantGroup;
			children = (
				A1409DE11B4B2B98008F6DB8 /* Base */,
			);
			name = Main.storyboard;
			sourceTree = "<group>";
		};
		A1409DE51B4B2B98008F6DB8 /* LaunchScreen.xib */ = {
			isa = PBXVariantGroup;
			children = (
				A1409DE61B4B2B98008F6DB8 /* Base */,
			);
			name = LaunchScreen.xib;
			sourceTree = "<group>";
		};
/* End PBXVariantGroup section */

/* Begin XCBuildConfiguration section */
		A1409DF41B4B2B98008F6DB8 /* Debug */ = {
			isa = XCBuildConfiguration;
			buildSettings = {
				ALWAYS_SEARCH_USER_PATHS = NO;
				CLANG_CXX_LANGUAGE_STANDARD = "gnu++0x";
				CLANG_CXX_LIBRARY = "libc++";
				CLANG_ENABLE_MODULES = YES;
				CLANG_ENABLE_OBJC_ARC = YES;
				CLANG_WARN_BOOL_CONVERSION = YES;
				CLANG_WARN_CONSTANT_CONVERSION = YES;
				CLANG_WARN_DIRECT_OBJC_ISA_USAGE = YES_ERROR;
				CLANG_WARN_EMPTY_BODY = YES;
				CLANG_WARN_ENUM_CONVERSION = YES;
				CLANG_WARN_INT_CONVERSION = YES;
				CLANG_WARN_OBJC_ROOT_CLASS = YES_ERROR;
				CLANG_WARN_UNREACHABLE_CODE = YES;
				CLANG_WARN__DUPLICATE_METHOD_MATCH = YES;
				"CODE_SIGN_IDENTITY[sdk=iphoneos*]" = "iPhone Developer";
				COPY_PHASE_STRIP = NO;
				DEBUG_INFORMATION_FORMAT = "dwarf-with-dsym";
				ENABLE_STRICT_OBJC_MSGSEND = YES;
				GCC_C_LANGUAGE_STANDARD = gnu99;
				GCC_DYNAMIC_NO_PIC = NO;
				GCC_NO_COMMON_BLOCKS = YES;
				GCC_OPTIMIZATION_LEVEL = 0;
				GCC_PREPROCESSOR_DEFINITIONS = (
					"DEBUG=1",
					"$(inherited)",
				);
				GCC_SYMBOLS_PRIVATE_EXTERN = NO;
				GCC_WARN_64_TO_32_BIT_CONVERSION = YES;
				GCC_WARN_ABOUT_RETURN_TYPE = YES_ERROR;
				GCC_WARN_UNDECLARED_SELECTOR = YES;
				GCC_WARN_UNINITIALIZED_AUTOS = YES_AGGRESSIVE;
				GCC_WARN_UNUSED_FUNCTION = YES;
				GCC_WARN_UNUSED_VARIABLE = YES;
				IPHONEOS_DEPLOYMENT_TARGET = 8.3;
				MTL_ENABLE_DEBUG_INFO = YES;
				ONLY_ACTIVE_ARCH = YES;
				SDKROOT = iphoneos;
				SWIFT_OPTIMIZATION_LEVEL = "-Onone";
				TARGETED_DEVICE_FAMILY = "1,2";
			};
			name = Debug;
		};
		A1409DF51B4B2B98008F6DB8 /* Release */ = {
			isa = XCBuildConfiguration;
			buildSettings = {
				ALWAYS_SEARCH_USER_PATHS = NO;
				CLANG_CXX_LANGUAGE_STANDARD = "gnu++0x";
				CLANG_CXX_LIBRARY = "libc++";
				CLANG_ENABLE_MODULES = YES;
				CLANG_ENABLE_OBJC_ARC = YES;
				CLANG_WARN_BOOL_CONVERSION = YES;
				CLANG_WARN_CONSTANT_CONVERSION = YES;
				CLANG_WARN_DIRECT_OBJC_ISA_USAGE = YES_ERROR;
				CLANG_WARN_EMPTY_BODY = YES;
				CLANG_WARN_ENUM_CONVERSION = YES;
				CLANG_WARN_INT_CONVERSION = YES;
				CLANG_WARN_OBJC_ROOT_CLASS = YES_ERROR;
				CLANG_WARN_UNREACHABLE_CODE = YES;
				CLANG_WARN__DUPLICATE_METHOD_MATCH = YES;
				"CODE_SIGN_IDENTITY[sdk=iphoneos*]" = "iPhone Developer";
				COPY_PHASE_STRIP = NO;
				DEBUG_INFORMATION_FORMAT = "dwarf-with-dsym";
				ENABLE_NS_ASSERTIONS = NO;
				ENABLE_STRICT_OBJC_MSGSEND = YES;
				GCC_C_LANGUAGE_STANDARD = gnu99;
				GCC_NO_COMMON_BLOCKS = YES;
				GCC_WARN_64_TO_32_BIT_CONVERSION = YES;
				GCC_WARN_ABOUT_RETURN_TYPE = YES_ERROR;
				GCC_WARN_UNDECLARED_SELECTOR = YES;
				GCC_WARN_UNINITIALIZED_AUTOS = YES_AGGRESSIVE;
				GCC_WARN_UNUSED_FUNCTION = YES;
				GCC_WARN_UNUSED_VARIABLE = YES;
				IPHONEOS_DEPLOYMENT_TARGET = 8.3;
				MTL_ENABLE_DEBUG_INFO = NO;
				SDKROOT = iphoneos;
				TARGETED_DEVICE_FAMILY = "1,2";
				VALIDATE_PRODUCT = YES;
			};
			name = Release;
		};
		A1409DF71B4B2B98008F6DB8 /* Debug */ = {
			isa = XCBuildConfiguration;
			baseConfigurationReference = E07AA5FC27267C5AAA2DB2D8 /* Pods.debug.xcconfig */;
			buildSettings = {
				ASSETCATALOG_COMPILER_APPICON_NAME = AppIcon;
				INFOPLIST_FILE = PickUpSports/Info.plist;
				LD_RUNPATH_SEARCH_PATHS = "$(inherited) @executable_path/Frameworks";
				PRODUCT_NAME = "$(TARGET_NAME)";
			};
			name = Debug;
		};
		A1409DF81B4B2B98008F6DB8 /* Release */ = {
			isa = XCBuildConfiguration;
			baseConfigurationReference = CF5871BC5489C0E1F1195D0B /* Pods.release.xcconfig */;
			buildSettings = {
				ASSETCATALOG_COMPILER_APPICON_NAME = AppIcon;
				INFOPLIST_FILE = PickUpSports/Info.plist;
				LD_RUNPATH_SEARCH_PATHS = "$(inherited) @executable_path/Frameworks";
				PRODUCT_NAME = "$(TARGET_NAME)";
			};
			name = Release;
		};
		A1409DFA1B4B2B98008F6DB8 /* Debug */ = {
			isa = XCBuildConfiguration;
			buildSettings = {
				BUNDLE_LOADER = "$(TEST_HOST)";
				FRAMEWORK_SEARCH_PATHS = (
					"$(SDKROOT)/Developer/Library/Frameworks",
					"$(inherited)",
				);
				GCC_PREPROCESSOR_DEFINITIONS = (
					"DEBUG=1",
					"$(inherited)",
				);
				INFOPLIST_FILE = PickUpSportsTests/Info.plist;
				LD_RUNPATH_SEARCH_PATHS = "$(inherited) @executable_path/Frameworks @loader_path/Frameworks";
				PRODUCT_NAME = "$(TARGET_NAME)";
				TEST_HOST = "$(BUILT_PRODUCTS_DIR)/PickUpSports.app/PickUpSports";
			};
			name = Debug;
		};
		A1409DFB1B4B2B98008F6DB8 /* Release */ = {
			isa = XCBuildConfiguration;
			buildSettings = {
				BUNDLE_LOADER = "$(TEST_HOST)";
				FRAMEWORK_SEARCH_PATHS = (
					"$(SDKROOT)/Developer/Library/Frameworks",
					"$(inherited)",
				);
				INFOPLIST_FILE = PickUpSportsTests/Info.plist;
				LD_RUNPATH_SEARCH_PATHS = "$(inherited) @executable_path/Frameworks @loader_path/Frameworks";
				PRODUCT_NAME = "$(TARGET_NAME)";
				TEST_HOST = "$(BUILT_PRODUCTS_DIR)/PickUpSports.app/PickUpSports";
			};
			name = Release;
		};
/* End XCBuildConfiguration section */

/* Begin XCConfigurationList section */
		A1409DD01B4B2B98008F6DB8 /* Build configuration list for PBXProject "PickUpSports" */ = {
			isa = XCConfigurationList;
			buildConfigurations = (
				A1409DF41B4B2B98008F6DB8 /* Debug */,
				A1409DF51B4B2B98008F6DB8 /* Release */,
			);
			defaultConfigurationIsVisible = 0;
			defaultConfigurationName = Release;
		};
		A1409DF61B4B2B98008F6DB8 /* Build configuration list for PBXNativeTarget "PickUpSports" */ = {
			isa = XCConfigurationList;
			buildConfigurations = (
				A1409DF71B4B2B98008F6DB8 /* Debug */,
				A1409DF81B4B2B98008F6DB8 /* Release */,
			);
			defaultConfigurationIsVisible = 0;
			defaultConfigurationName = Release;
		};
		A1409DF91B4B2B98008F6DB8 /* Build configuration list for PBXNativeTarget "PickUpSportsTests" */ = {
			isa = XCConfigurationList;
			buildConfigurations = (
				A1409DFA1B4B2B98008F6DB8 /* Debug */,
				A1409DFB1B4B2B98008F6DB8 /* Release */,
			);
			defaultConfigurationIsVisible = 0;
			defaultConfigurationName = Release;
		};
/* End XCConfigurationList section */
	};
	rootObject = A1409DCD1B4B2B98008F6DB8 /* Project object */;
}
